{
    "_meta": {
        "hash": {
            "sha256": "a8179b14ceac88e867ad303bf56ba5a5a2363a93082be8d24ac88cc278fa3d48"
        },
        "pipfile-spec": 6,
        "requires": {
            "python_version": "3.5"
        },
        "sources": [
            {
                "name": "pypi",
                "url": "https://pypi.org/simple",
                "verify_ssl": true
            }
        ]
    },
    "default": {
        "certifi": {
            "hashes": [
                "sha256:47f9c83ef4c0c621eaef743f133f09fa8a74a9b75f037e8624f83bd1b6626cb7",
                "sha256:993f830721089fef441cdfeb4b2c8c9df86f0c63239f06bd025a76a7daddb033"
            ],
            "version": "==2018.11.29"
        },
        "chardet": {
            "hashes": [
                "sha256:84ab92ed1c4d4f16916e05906b6b75a6c0fb5db821cc65e70cbd64a3e2a5eaae",
                "sha256:fc323ffcaeaed0e0a02bf4d117757b98aed530d9ed4531e3e15460124c106691"
            ],
            "version": "==3.0.4"
        },
        "geojson": {
            "hashes": [
                "sha256:8831556d1ac18805c4955aa881e022e6ddcef44020b315200680eec6dd209e40",
                "sha256:c8873d12421665f6731b8e4c3b2484a4516c0d9b286c26cb7cffa781d062301a"
            ],
            "version": "==2.3.0"
        },
        "idna": {
            "hashes": [
                "sha256:156a6814fb5ac1fc6850fb002e0852d56c0c8d2531923a51032d1b70760e186e",
                "sha256:684a38a6f903c1d71d6d5fac066b58d7768af4de2b832e426ec79c30daa94a16"
            ],
            "version": "==2.7"
        },
        "praw": {
            "hashes": [
                "sha256:ccd3463c838d912073c82cc226f7d62fb01aecf2f33dff3f0456afc688f45376",
                "sha256:ead6a4cce623f9a5093965a98e4f4bb5463920c8e4a5caf19098c585d06bb507"
            ],
            "index": "pypi",
            "version": "==6.0.0"
        },
        "prawcore": {
            "hashes": [
                "sha256:00bb9d61b5653a4614dce22eabe312e565aac08619d23a961bdcaf32367ed69a",
                "sha256:a9e84be5c58daf62dc5f8f11563bf63484066d0f6e60a07be33678a8ccab804b"
            ],
            "version": "==1.0.0"
        },
        "pyowm": {
            "hashes": [
                "sha256:1b42393ec661102f140755109a8cfc37142a5d9d3acbb8328041a8b7d730e1ce",
                "sha256:630887c9189b58f5ecad6a571679d57defe48085faeea4d78825d7749bb61d10",
                "sha256:ed175873823a2fedb48e453505c974ca39f3f75006ef1af54fdbcf72e6796849"
            ],
            "index": "pypi",
            "version": "==2.9.0"
        },
        "requests": {
            "hashes": [
                "sha256:65b3a120e4329e33c9889db89c80976c5272f56ea92d3e74da8a463992e3ff54",
                "sha256:ea881206e59f41dbd0bd445437d792e43906703fff75ca8ff43ccdb11f33f263"
            ],
            "version": "==2.20.1"
        },
        "update-checker": {
            "hashes": [
                "sha256:59cfad7f9a0ee99f95f1dfc60f55bf184937bcab46a7270341c2c33695572453",
                "sha256:70e39446fccf77b21192cf7a8214051fa93a636dc3b5c8b602b589d100a168b8"
            ],
            "version": "==0.16"
        },
        "urllib3": {
            "hashes": [
                "sha256:a68ac5e15e76e7e5dd2b8f94007233e01effe3e50e8daddf69acfd81cb686baf",
                "sha256:b5725a0bd4ba422ab0e66e89e030c806576753ea3ee08554382c14e685d117b5"
            ],
            "markers": "python_version != '3.3.*' and python_version >= '2.6' and python_version != '3.1.*' and python_version != '3.0.*' and python_version < '4' and python_version != '3.2.*'",
            "version": "==1.23"
        }
    },
    "develop": {}
}
